// !$*UTF8*$!
{
	archiveVersion = 1;
	classes = {
	};
	objectVersion = 56;
	objects = {

/* Begin PBXBuildFile section */
		394645B229957C450026FD00 /* ChatViewController.swift in Sources */ = {isa = PBXBuildFile; fileRef = 394645B129957C450026FD00 /* ChatViewController.swift */; };
		399444572995753E00BC1565 /* AppDelegate.swift in Sources */ = {isa = PBXBuildFile; fileRef = 399444562995753E00BC1565 /* AppDelegate.swift */; };
		399444592995753E00BC1565 /* SceneDelegate.swift in Sources */ = {isa = PBXBuildFile; fileRef = 399444582995753E00BC1565 /* SceneDelegate.swift */; };
		3994445B2995753E00BC1565 /* ViewController.swift in Sources */ = {isa = PBXBuildFile; fileRef = 3994445A2995753E00BC1565 /* ViewController.swift */; };
		3994445E2995753F00BC1565 /* Main.storyboard in Resources */ = {isa = PBXBuildFile; fileRef = 3994445C2995753F00BC1565 /* Main.storyboard */; };
		399444602995754200BC1565 /* Assets.xcassets in Resources */ = {isa = PBXBuildFile; fileRef = 3994445F2995754200BC1565 /* Assets.xcassets */; };
		399444632995754200BC1565 /* LaunchScreen.storyboard in Resources */ = {isa = PBXBuildFile; fileRef = 399444612995754200BC1565 /* LaunchScreen.storyboard */; };
		E4821F7CE5012D6ECB8681DF /* Pods_MyMessages.framework in Frameworks */ = {isa = PBXBuildFile; fileRef = 55D25F1652DCDDB04515C19F /* Pods_MyMessages.framework */; };
/* End PBXBuildFile section */

/* Begin PBXFileReference section */
		394645B129957C450026FD00 /* ChatViewController.swift */ = {isa = PBXFileReference; lastKnownFileType = sourcecode.swift; path = ChatViewController.swift; sourceTree = "<group>"; };
		399444532995753E00BC1565 /* MyMessages.app */ = {isa = PBXFileReference; explicitFileType = wrapper.application; includeInIndex = 0; path = MyMessages.app; sourceTree = BUILT_PRODUCTS_DIR; };
		399444562995753E00BC1565 /* AppDelegate.swift */ = {isa = PBXFileReference; lastKnownFileType = sourcecode.swift; path = AppDelegate.swift; sourceTree = "<group>"; };
		399444582995753E00BC1565 /* SceneDelegate.swift */ = {isa = PBXFileReference; lastKnownFileType = sourcecode.swift; path = SceneDelegate.swift; sourceTree = "<group>"; };
		3994445A2995753E00BC1565 /* ViewController.swift */ = {isa = PBXFileReference; lastKnownFileType = sourcecode.swift; path = ViewController.swift; sourceTree = "<group>"; };
		3994445D2995753F00BC1565 /* Base */ = {isa = PBXFileReference; lastKnownFileType = file.storyboard; name = Base; path = Base.lproj/Main.storyboard; sourceTree = "<group>"; };
		3994445F2995754200BC1565 /* Assets.xcassets */ = {isa = PBXFileReference; lastKnownFileType = folder.assetcatalog; path = Assets.xcassets; sourceTree = "<group>"; };
		399444622995754200BC1565 /* Base */ = {isa = PBXFileReference; lastKnownFileType = file.storyboard; name = Base; path = Base.lproj/LaunchScreen.storyboard; sourceTree = "<group>"; };
		399444642995754200BC1565 /* Info.plist */ = {isa = PBXFileReference; lastKnownFileType = text.plist.xml; path = Info.plist; sourceTree = "<group>"; };
		55D25F1652DCDDB04515C19F /* Pods_MyMessages.framework */ = {isa = PBXFileReference; explicitFileType = wrapper.framework; includeInIndex = 0; path = Pods_MyMessages.framework; sourceTree = BUILT_PRODUCTS_DIR; };
		A52E28936789D80D83CB9A09 /* Pods-MyMessages.release.xcconfig */ = {isa = PBXFileReference; includeInIndex = 1; lastKnownFileType = text.xcconfig; name = "Pods-MyMessages.release.xcconfig"; path = "Target Support Files/Pods-MyMessages/Pods-MyMessages.release.xcconfig"; sourceTree = "<group>"; };
		EA54EDDF02106D230CE2FA8B /* Pods-MyMessages.debug.xcconfig */ = {isa = PBXFileReference; includeInIndex = 1; lastKnownFileType = text.xcconfig; name = "Pods-MyMessages.debug.xcconfig"; path = "Target Support Files/Pods-MyMessages/Pods-MyMessages.debug.xcconfig"; sourceTree = "<group>"; };
/* End PBXFileReference section */

/* Begin PBXFrameworksBuildPhase section */
		399444502995753E00BC1565 /* Frameworks */ = {
			isa = PBXFrameworksBuildPhase;
			buildActionMask = 2147483647;
			files = (
				E4821F7CE5012D6ECB8681DF /* Pods_MyMessages.framework in Frameworks */,
			);
			runOnlyForDeploymentPostprocessing = 0;
		};
/* End PBXFrameworksBuildPhase section */

/* Begin PBXGroup section */
		021357E6525EAC9317902A9C /* Frameworks */ = {
			isa = PBXGroup;
			children = (
				55D25F1652DCDDB04515C19F /* Pods_MyMessages.framework */,
			);
			name = Frameworks;
			sourceTree = "<group>";
		};
		3994444A2995753E00BC1565 = {
			isa = PBXGroup;
			children = (
				399444552995753E00BC1565 /* MyMessages */,
				399444542995753E00BC1565 /* Products */,
				8F6EEFF4226E5661CA8AB008 /* Pods */,
				021357E6525EAC9317902A9C /* Frameworks */,
			);
			sourceTree = "<group>";
		};
		399444542995753E00BC1565 /* Products */ = {
			isa = PBXGroup;
			children = (
				399444532995753E00BC1565 /* MyMessages.app */,
			);
			name = Products;
			sourceTree = "<group>";
		};
		399444552995753E00BC1565 /* MyMessages */ = {
			isa = PBXGroup;
			children = (
				399444562995753E00BC1565 /* AppDelegate.swift */,
				399444582995753E00BC1565 /* SceneDelegate.swift */,
				3994445A2995753E00BC1565 /* ViewController.swift */,
				3994445C2995753F00BC1565 /* Main.storyboard */,
				3994445F2995754200BC1565 /* Assets.xcassets */,
				399444612995754200BC1565 /* LaunchScreen.storyboard */,
				399444642995754200BC1565 /* Info.plist */,
				394645B129957C450026FD00 /* ChatViewController.swift */,
			);
			path = MyMessages;
			sourceTree = "<group>";
		};
		8F6EEFF4226E5661CA8AB008 /* Pods */ = {
			isa = PBXGroup;
			children = (
				EA54EDDF02106D230CE2FA8B /* Pods-MyMessages.debug.xcconfig */,
				A52E28936789D80D83CB9A09 /* Pods-MyMessages.release.xcconfig */,
			);
			path = Pods;
			sourceTree = "<group>";
		};
/* End PBXGroup section */

/* Begin PBXNativeTarget section */
		399444522995753E00BC1565 /* MyMessages */ = {
			isa = PBXNativeTarget;
			buildConfigurationList = 399444672995754200BC1565 /* Build configuration list for PBXNativeTarget "MyMessages" */;
			buildPhases = (
				6D46E70E6927F8CF3AD186B3 /* [CP] Check Pods Manifest.lock */,
				3994444F2995753E00BC1565 /* Sources */,
				399444502995753E00BC1565 /* Frameworks */,
				399444512995753E00BC1565 /* Resources */,
				D0DE9520E25B622EEB06E89D /* [CP] Embed Pods Frameworks */,
			);
			buildRules = (
			);
			dependencies = (
			);
			name = MyMessages;
			productName = MyMessages;
			productReference = 399444532995753E00BC1565 /* MyMessages.app */;
			productType = "com.apple.product-type.application";
		};
/* End PBXNativeTarget section */

/* Begin PBXProject section */
		3994444B2995753E00BC1565 /* Project object */ = {
			isa = PBXProject;
			attributes = {
				BuildIndependentTargetsInParallel = 1;
				LastSwiftUpdateCheck = 1420;
				LastUpgradeCheck = 1420;
				TargetAttributes = {
					399444522995753E00BC1565 = {
						CreatedOnToolsVersion = 14.2;
					};
				};
			};
			buildConfigurationList = 3994444E2995753E00BC1565 /* Build configuration list for PBXProject "MyMessages" */;
			compatibilityVersion = "Xcode 14.0";
			developmentRegion = en;
			hasScannedForEncodings = 0;
			knownRegions = (
				en,
				Base,
			);
			mainGroup = 3994444A2995753E00BC1565;
			productRefGroup = 399444542995753E00BC1565 /* Products */;
			projectDirPath = "";
			projectRoot = "";
			targets = (
				399444522995753E00BC1565 /* MyMessages */,
			);
		};
/* End PBXProject section */

/* Begin PBXResourcesBuildPhase section */
		399444512995753E00BC1565 /* Resources */ = {
			isa = PBXResourcesBuildPhase;
			buildActionMask = 2147483647;
			files = (
				399444632995754200BC1565 /* LaunchScreen.storyboard in Resources */,
				399444602995754200BC1565 /* Assets.xcassets in Resources */,
				3994445E2995753F00BC1565 /* Main.storyboard in Resources */,
			);
			runOnlyForDeploymentPostprocessing = 0;
		};
/* End PBXResourcesBuildPhase section */

/* Begin PBXShellScriptBuildPhase section */
		6D46E70E6927F8CF3AD186B3 /* [CP] Check Pods Manifest.lock */ = {
			isa = PBXShellScriptBuildPhase;
			buildActionMask = 2147483647;
			files = (
			);
			inputFileListPaths = (
			);
			inputPaths = (
				"${PODS_PODFILE_DIR_PATH}/Podfile.lock",
				"${PODS_ROOT}/Manifest.lock",
			);
			name = "[CP] Check Pods Manifest.lock";
			outputFileListPaths = (
			);
			outputPaths = (
				"$(DERIVED_FILE_DIR)/Pods-MyMessages-checkManifestLockResult.txt",
			);
			runOnlyForDeploymentPostprocessing = 0;
			shellPath = /bin/sh;
			shellScript = "diff \"${PODS_PODFILE_DIR_PATH}/Podfile.lock\" \"${PODS_ROOT}/Manifest.lock\" > /dev/null\nif [ $? != 0 ] ; then\n    # print error to STDERR\n    echo \"error: The sandbox is not in sync with the Podfile.lock. Run 'pod install' or update your CocoaPods installation.\" >&2\n    exit 1\nfi\n# This output is used by Xcode 'outputs' to avoid re-running this script phase.\necho \"SUCCESS\" > \"${SCRIPT_OUTPUT_FILE_0}\"\n";
			showEnvVarsInLog = 0;
		};
		D0DE9520E25B622EEB06E89D /* [CP] Embed Pods Frameworks */ = {
			isa = PBXShellScriptBuildPhase;
			buildActionMask = 2147483647;
			files = (
			);
			inputFileListPaths = (
				"${PODS_ROOT}/Target Support Files/Pods-MyMessages/Pods-MyMessages-frameworks-${CONFIGURATION}-input-files.xcfilelist",
			);
			name = "[CP] Embed Pods Frameworks";
			outputFileListPaths = (
				"${PODS_ROOT}/Target Support Files/Pods-MyMessages/Pods-MyMessages-frameworks-${CONFIGURATION}-output-files.xcfilelist",
			);
			runOnlyForDeploymentPostprocessing = 0;
			shellPath = /bin/sh;
			shellScript = "\"${PODS_ROOT}/Target Support Files/Pods-MyMessages/Pods-MyMessages-frameworks.sh\"\n";
			showEnvVarsInLog = 0;
		};
/* End PBXShellScriptBuildPhase section */

/* Begin PBXSourcesBuildPhase section */
		3994444F2995753E00BC1565 /* Sources */ = {
			isa = PBXSourcesBuildPhase;
			buildActionMask = 2147483647;
			files = (
				3994445B2995753E00BC1565 /* ViewController.swift in Sources */,
				399444572995753E00BC1565 /* AppDelegate.swift in Sources */,
				394645B229957C450026FD00 /* ChatViewController.swift in Sources */,
				399444592995753E00BC1565 /* SceneDelegate.swift in Sources */,
			);
			runOnlyForDeploymentPostprocessing = 0;
		};
/* End PBXSourcesBuildPhase section */

/* Begin PBXVariantGroup section */
		3994445C2995753F00BC1565 /* Main.storyboard */ = {
			isa = PBXVariantGroup;
			children = (
				3994445D2995753F00BC1565 /* Base */,
			);
			name = Main.storyboard;
			sourceTree = "<group>";
		};
		399444612995754200BC1565 /* LaunchScreen.storyboard */ = {
			isa = PBXVariantGroup;
			children = (
				399444622995754200BC1565 /* Base */,
			);
			name = LaunchScreen.storyboard;
			sourceTree = "<group>";
		};
/* End PBXVariantGroup section */

/* Begin XCBuildConfiguration section */
		399444652995754200BC1565 /* Debug */ = {
			isa = XCBuildConfiguration;
			buildSettings = {
				ALWAYS_SEARCH_USER_PATHS = NO;
				CLANG_ANALYZER_NONNULL = YES;
				CLANG_ANALYZER_NUMBER_OBJECT_CONVERSION = YES_AGGRESSIVE;
				CLANG_CXX_LANGUAGE_STANDARD = "gnu++20";
				CLANG_ENABLE_MODULES = YES;
				CLANG_ENABLE_OBJC_ARC = YES;
				CLANG_ENABLE_OBJC_WEAK = YES;
				CLANG_WARN_BLOCK_CAPTURE_AUTORELEASING = YES;
				CLANG_WARN_BOOL_CONVERSION = YES;
				CLANG_WARN_COMMA = YES;
				CLANG_WARN_CONSTANT_CONVERSION = YES;
				CLANG_WARN_DEPRECATED_OBJC_IMPLEMENTATIONS = YES;
				CLANG_WARN_DIRECT_OBJC_ISA_USAGE = YES_ERROR;
				CLANG_WARN_DOCUMENTATION_COMMENTS = YES;
				CLANG_WARN_EMPTY_BODY = YES;
				CLANG_WARN_ENUM_CONVERSION = YES;
				CLANG_WARN_INFINITE_RECURSION = YES;
				CLANG_WARN_INT_CONVERSION = YES;
				CLANG_WARN_NON_LITERAL_NULL_CONVERSION = YES;
				CLANG_WARN_OBJC_IMPLICIT_RETAIN_SELF = YES;
				CLANG_WARN_OBJC_LITERAL_CONVERSION = YES;
				CLANG_WARN_OBJC_ROOT_CLASS = YES_ERROR;
				CLANG_WARN_QUOTED_INCLUDE_IN_FRAMEWORK_HEADER = YES;
				CLANG_WARN_RANGE_LOOP_ANALYSIS = YES;
				CLANG_WARN_STRICT_PROTOTYPES = YES;
				CLANG_WARN_SUSPICIOUS_MOVE = YES;
				CLANG_WARN_UNGUARDED_AVAILABILITY = YES_AGGRESSIVE;
				CLANG_WARN_UNREACHABLE_CODE = YES;
				CLANG_WARN__DUPLICATE_METHOD_MATCH = YES;
				COPY_PHASE_STRIP = NO;
				DEBUG_INFORMATION_FORMAT = dwarf;
				ENABLE_STRICT_OBJC_MSGSEND = YES;
				ENABLE_TESTABILITY = YES;
				GCC_C_LANGUAGE_STANDARD = gnu11;
				GCC_DYNAMIC_NO_PIC = NO;
				GCC_NO_COMMON_BLOCKS = YES;
				GCC_OPTIMIZATION_LEVEL = 0;
				GCC_PREPROCESSOR_DEFINITIONS = (
					"DEBUG=1",
					"$(inherited)",
				);
				GCC_WARN_64_TO_32_BIT_CONVERSION = YES;
				GCC_WARN_ABOUT_RETURN_TYPE = YES_ERROR;
				GCC_WARN_UNDECLARED_SELECTOR = YES;
				GCC_WARN_UNINITIALIZED_AUTOS = YES_AGGRESSIVE;
				GCC_WARN_UNUSED_FUNCTION = YES;
				GCC_WARN_UNUSED_VARIABLE = YES;
				IPHONEOS_DEPLOYMENT_TARGET = 16.2;
				MTL_ENABLE_DEBUG_INFO = INCLUDE_SOURCE;
				MTL_FAST_MATH = YES;
				ONLY_ACTIVE_ARCH = YES;
				SDKROOT = iphoneos;
				SWIFT_ACTIVE_COMPILATION_CONDITIONS = DEBUG;
				SWIFT_OPTIMIZATION_LEVEL = "-Onone";
			};
			name = Debug;
		};
		399444662995754200BC1565 /* Release */ = {
			isa = XCBuildConfiguration;
			buildSettings = {
				ALWAYS_SEARCH_USER_PATHS = NO;
				CLANG_ANALYZER_NONNULL = YES;
				CLANG_ANALYZER_NUMBER_OBJECT_CONVERSION = YES_AGGRESSIVE;
				CLANG_CXX_LANGUAGE_STANDARD = "gnu++20";
				CLANG_ENABLE_MODULES = YES;
				CLANG_ENABLE_OBJC_ARC = YES;
				CLANG_ENABLE_OBJC_WEAK = YES;
				CLANG_WARN_BLOCK_CAPTURE_AUTORELEASING = YES;
				CLANG_WARN_BOOL_CONVERSION = YES;
				CLANG_WARN_COMMA = YES;
				CLANG_WARN_CONSTANT_CONVERSION = YES;
				CLANG_WARN_DEPRECATED_OBJC_IMPLEMENTATIONS = YES;
				CLANG_WARN_DIRECT_OBJC_ISA_USAGE = YES_ERROR;
				CLANG_WARN_DOCUMENTATION_COMMENTS = YES;
				CLANG_WARN_EMPTY_BODY = YES;
				CLANG_WARN_ENUM_CONVERSION = YES;
				CLANG_WARN_INFINITE_RECURSION = YES;
				CLANG_WARN_INT_CONVERSION = YES;
				CLANG_WARN_NON_LITERAL_NULL_CONVERSION = YES;
				CLANG_WARN_OBJC_IMPLICIT_RETAIN_SELF = YES;
				CLANG_WARN_OBJC_LITERAL_CONVERSION = YES;
				CLANG_WARN_OBJC_ROOT_CLASS = YES_ERROR;
				CLANG_WARN_QUOTED_INCLUDE_IN_FRAMEWORK_HEADER = YES;
				CLANG_WARN_RANGE_LOOP_ANALYSIS = YES;
				CLANG_WARN_STRICT_PROTOTYPES = YES;
				CLANG_WARN_SUSPICIOUS_MOVE = YES;
				CLANG_WARN_UNGUARDED_AVAILABILITY = YES_AGGRESSIVE;
				CLANG_WARN_UNREACHABLE_CODE = YES;
				CLANG_WARN__DUPLICATE_METHOD_MATCH = YES;
				COPY_PHASE_STRIP = NO;
				DEBUG_INFORMATION_FORMAT = "dwarf-with-dsym";
				ENABLE_NS_ASSERTIONS = NO;
				ENABLE_STRICT_OBJC_MSGSEND = YES;
				GCC_C_LANGUAGE_STANDARD = gnu11;
				GCC_NO_COMMON_BLOCKS = YES;
				GCC_WARN_64_TO_32_BIT_CONVERSION = YES;
				GCC_WARN_ABOUT_RETURN_TYPE = YES_ERROR;
				GCC_WARN_UNDECLARED_SELECTOR = YES;
				GCC_WARN_UNINITIALIZED_AUTOS = YES_AGGRESSIVE;
				GCC_WARN_UNUSED_FUNCTION = YES;
				GCC_WARN_UNUSED_VARIABLE = YES;
				IPHONEOS_DEPLOYMENT_TARGET = 16.2;
				MTL_ENABLE_DEBUG_INFO = NO;
				MTL_FAST_MATH = YES;
				SDKROOT = iphoneos;
				SWIFT_COMPILATION_MODE = wholemodule;
				SWIFT_OPTIMIZATION_LEVEL = "-O";
				VALIDATE_PRODUCT = YES;
			};
			name = Release;
		};
		399444682995754200BC1565 /* Debug */ = {
			isa = XCBuildConfiguration;
			baseConfigurationReference = EA54EDDF02106D230CE2FA8B /* Pods-MyMessages.debug.xcconfig */;
			buildSettings = {
				ASSETCATALOG_COMPILER_APPICON_NAME = AppIcon;
				ASSETCATALOG_COMPILER_GLOBAL_ACCENT_COLOR_NAME = AccentColor;
				CODE_SIGN_STYLE = Automatic;
				CURRENT_PROJECT_VERSION = 1;
				DEVELOPMENT_TEAM = 3N2647N98U;
				GENERATE_INFOPLIST_FILE = YES;
				INFOPLIST_FILE = MyMessages/Info.plist;
				INFOPLIST_KEY_UIApplicationSupportsIndirectInputEvents = YES;
				INFOPLIST_KEY_UILaunchStoryboardName = LaunchScreen;
				INFOPLIST_KEY_UIMainStoryboardFile = Main;
				INFOPLIST_KEY_UISupportedInterfaceOrientations_iPad = "UIInterfaceOrientationPortrait UIInterfaceOrientationPortraitUpsideDown UIInterfaceOrientationLandscapeLeft UIInterfaceOrientationLandscapeRight";
				INFOPLIST_KEY_UISupportedInterfaceOrientations_iPhone = "UIInterfaceOrientationPortrait UIInterfaceOrientationLandscapeLeft UIInterfaceOrientationLandscapeRight";
				LD_RUNPATH_SEARCH_PATHS = (
					"$(inherited)",
					"@executable_path/Frameworks",
				);
				MARKETING_VERSION = 1.0;
				PRODUCT_BUNDLE_IDENTIFIER = Mina.MyMessages;
				PRODUCT_NAME = "$(TARGET_NAME)";
				SWIFT_EMIT_LOC_STRINGS = YES;
				SWIFT_VERSION = 5.0;
				TARGETED_DEVICE_FAMILY = "1,2";
			};
			name = Debug;
		};
		399444692995754200BC1565 /* Release */ = {
			isa = XCBuildConfiguration;
			baseConfigurationReference = A52E28936789D80D83CB9A09 /* Pods-MyMessages.release.xcconfig */;
			buildSettings = {
				ASSETCATALOG_COMPILER_APPICON_NAME = AppIcon;
				ASSETCATALOG_COMPILER_GLOBAL_ACCENT_COLOR_NAME = AccentColor;
				CODE_SIGN_STYLE = Automatic;
				CURRENT_PROJECT_VERSION = 1;
				DEVELOPMENT_TEAM = 3N2647N98U;
				GENERATE_INFOPLIST_FILE = YES;
				INFOPLIST_FILE = MyMessages/Info.plist;
				INFOPLIST_KEY_UIApplicationSupportsIndirectInputEvents = YES;
				INFOPLIST_KEY_UILaunchStoryboardName = LaunchScreen;
				INFOPLIST_KEY_UIMainStoryboardFile = Main;
				INFOPLIST_KEY_UISupportedInterfaceOrientations_iPad = "UIInterfaceOrientationPortrait UIInterfaceOrientationPortraitUpsideDown UIInterfaceOrientationLandscapeLeft UIInterfaceOrientationLandscapeRight";
				INFOPLIST_KEY_UISupportedInterfaceOrientations_iPhone = "UIInterfaceOrientationPortrait UIInterfaceOrientationLandscapeLeft UIInterfaceOrientationLandscapeRight";
				LD_RUNPATH_SEARCH_PATHS = (
					"$(inherited)",
					"@executable_path/Frameworks",
				);
				MARKETING_VERSION = 1.0;
				PRODUCT_BUNDLE_IDENTIFIER = Mina.MyMessages;
				PRODUCT_NAME = "$(TARGET_NAME)";
				SWIFT_EMIT_LOC_STRINGS = YES;
				SWIFT_VERSION = 5.0;
				TARGETED_DEVICE_FAMILY = "1,2";
			};
			name = Release;
		};
/* End XCBuildConfiguration section */

/* Begin XCConfigurationList section */
		3994444E2995753E00BC1565 /* Build configuration list for PBXProject "MyMessages" */ = {
			isa = XCConfigurationList;
			buildConfigurations = (
				399444652995754200BC1565 /* Debug */,
				399444662995754200BC1565 /* Release */,
			);
			defaultConfigurationIsVisible = 0;
			defaultConfigurationName = Release;
		};
		399444672995754200BC1565 /* Build configuration list for PBXNativeTarget "MyMessages" */ = {
			isa = XCConfigurationList;
			buildConfigurations = (
				399444682995754200BC1565 /* Debug */,
				399444692995754200BC1565 /* Release */,
			);
			defaultConfigurationIsVisible = 0;
			defaultConfigurationName = Release;
		};
/* End XCConfigurationList section */
	};
	rootObject = 3994444B2995753E00BC1565 /* Project object */;
}
